<?xml version="1.0" encoding="utf-8"?>
<Project ToolsVersion="4.0" xmlns="http://schemas.microsoft.com/developer/msbuild/2003">
  <ItemGroup>
    <ClCompile Include="pch.cpp" />
    <ClCompile Include="GameException.cpp" />
    <ClCompile Include="Datum.cpp" />
    <ClCompile Include="Scope.cpp" />
    <ClCompile Include="Attributed.cpp" />
    <ClCompile Include="IXmlParseHelper.cpp" />
    <ClCompile Include="XmlParseMaster.cpp" />
    <ClCompile Include="XmlParseHelperTable.cpp" />
    <ClCompile Include="Entity.cpp" />
    <ClCompile Include="Sector.cpp" />
    <ClCompile Include="World.cpp" />
    <ClCompile Include="GameClock.cpp" />
    <ClCompile Include="GameTime.cpp" />
    <ClCompile Include="WorldState.cpp" />
    <ClCompile Include="Action.cpp" />
    <ClCompile Include="ActionList.cpp" />
    <ClCompile Include="ActionListIf.cpp" />
    <ClCompile Include="XmlParseHelperAction.cpp" />
    <ClCompile Include="ActionCreateAction.cpp" />
    <ClCompile Include="ActionDestroyAction.cpp" />
    <ClCompile Include="ActionAssign.cpp" />
  </ItemGroup>
  <ItemGroup>
    <ClInclude Include="pch.h" />
    <ClInclude Include="GameException.h" />
    <ClInclude Include="SList.h" />
    <ClInclude Include="vector.h" />
    <ClInclude Include="Stack.h" />
    <ClInclude Include="HashMap.h" />
    <ClInclude Include="Datum.h" />
    <ClInclude Include="RTTI.h" />
    <ClInclude Include="Scope.h" />
    <ClInclude Include="Attributed.h" />
    <ClInclude Include="IXmlParseHelper.h" />
    <ClInclude Include="XmlParseMaster.h" />
    <ClInclude Include="XmlParseHelperTable.h" />
    <ClInclude Include="Factory.h" />
    <ClInclude Include="Entity.h" />
    <ClInclude Include="Sector.h" />
    <ClInclude Include="World.h" />
    <ClInclude Include="GameClock.h" />
    <ClInclude Include="GameTime.h" />
    <ClInclude Include="WorldState.h" />
    <ClInclude Include="Action.h" />
    <ClInclude Include="ActionList.h" />
    <ClInclude Include="ActionListIf.h" />
    <ClInclude Include="XmlParseHelperAction.h" />
    <ClInclude Include="ActionCreateAction.h" />
    <ClInclude Include="ActionDestroyAction.h" />
    <ClInclude Include="ActionAssign.h" />
  </ItemGroup>
  <ItemGroup>
    <None Include="SList.inl" />
    <None Include="vector.inl" />
    <None Include="Stack.inl" />
    <None Include="HashMap.inl" />
    <None Include="Factory.inl" />
  </ItemGroup>
</Project>